
Microsoft Visual Studio Solution File, Format Version 12.00
# Visual Studio 2013
VisualStudioVersion = 12.0.21005.1
MinimumVisualStudioVersion = 10.0.40219.1
Project("{FAE04EC0-301F-11D3-BF4B-00C04F79EFBC}") = "ConsoleApplication1", "ConsoleApplication1\ConsoleApplication1.csproj", "{10E16896-3E03-4D05-84CF-81B329AE39C8}"
EndProject
Project("{FAE04EC0-301F-11D3-BF4B-00C04F79EFBC}") = "UnitTestAccount", "UnitTestAccount\UnitTestAccount.csproj", "{039ACB02-4379-4136-9178-B833E46409A1}"
EndProject
Global
	GlobalSection(SolutionConfigurationPlatforms) = preSolution
		Debug|Any CPU = Debug|Any CPU
		Release|Any CPU = Release|Any CPU
	EndGlobalSection
	GlobalSection(ProjectConfigurationPlatforms) = postSolution
		{10E16896-3E03-4D05-84CF-81B329AE39C8}.Debug|Any CPU.ActiveCfg = Debug|Any CPU
		{10E16896-3E03-4D05-84CF-81B329AE39C8}.Debug|Any CPU.Build.0 = Debug|Any CPU
		{10E16896-3E03-4D05-84CF-81B329AE39C8}.Release|Any CPU.ActiveCfg = Release|Any CPU
		{10E16896-3E03-4D05-84CF-81B329AE39C8}.Release|Any CPU.Build.0 = Release|Any CPU
		{039ACB02-4379-4136-9178-B833E46409A1}.Debug|Any CPU.ActiveCfg = Debug|Any CPU
		{039ACB02-4379-4136-9178-B833E46409A1}.Debug|Any CPU.Build.0 = Debug|Any CPU
		{039ACB02-4379-4136-9178-B833E46409A1}.Release|Any CPU.ActiveCfg = Release|Any CPU
		{039ACB02-4379-4136-9178-B833E46409A1}.Release|Any CPU.Build.0 = Release|Any CPU
	EndGlobalSection
	GlobalSection(SolutionProperties) = preSolution
		HideSolutionNode = FALSE
	EndGlobalSection
EndGlobal
